
Microsoft Visual Studio Solution File, Format Version 12.00
# Visual Studio Version 17
VisualStudioVersion = 17.4.33213.308
MinimumVisualStudioVersion = 10.0.40219.1
Project("{FAE04EC0-301F-11D3-BF4B-00C04F79EFBC}") = "Week4Loops", "Week4Loops\Week4Loops.csproj", "{C021E81E-A845-4142-82EB-582F6CBCC3D0}"
EndProject
Project("{FAE04EC0-301F-11D3-BF4B-00C04F79EFBC}") = "WhileLoops", "WhileLoops\WhileLoops.csproj", "{B773F4AD-33C2-42F7-B764-B9AC329DD0FC}"
EndProject
Project("{FAE04EC0-301F-11D3-BF4B-00C04F79EFBC}") = "RandomNumber", "RandomNumber\RandomNumber.csproj", "{CDC0443C-9510-47F5-8F5F-489A5D8720B7}"
EndProject
Project("{FAE04EC0-301F-11D3-BF4B-00C04F79EFBC}") = "ForLoopSum", "ForLoopSum\ForLoopSum.csproj", "{9607CE25-DC0B-424C-8836-DFA076DC37A9}"
EndProject
Global
	GlobalSection(SolutionConfigurationPlatforms) = preSolution
		Debug|Any CPU = Debug|Any CPU
		Release|Any CPU = Release|Any CPU
	EndGlobalSection
	GlobalSection(ProjectConfigurationPlatforms) = postSolution
		{C021E81E-A845-4142-82EB-582F6CBCC3D0}.Debug|Any CPU.ActiveCfg = Debug|Any CPU
		{C021E81E-A845-4142-82EB-582F6CBCC3D0}.Debug|Any CPU.Build.0 = Debug|Any CPU
		{C021E81E-A845-4142-82EB-582F6CBCC3D0}.Release|Any CPU.ActiveCfg = Release|Any CPU
		{C021E81E-A845-4142-82EB-582F6CBCC3D0}.Release|Any CPU.Build.0 = Release|Any CPU
		{B773F4AD-33C2-42F7-B764-B9AC329DD0FC}.Debug|Any CPU.ActiveCfg = Debug|Any CPU
		{B773F4AD-33C2-42F7-B764-B9AC329DD0FC}.Debug|Any CPU.Build.0 = Debug|Any CPU
		{B773F4AD-33C2-42F7-B764-B9AC329DD0FC}.Release|Any CPU.ActiveCfg = Release|Any CPU
		{B773F4AD-33C2-42F7-B764-B9AC329DD0FC}.Release|Any CPU.Build.0 = Release|Any CPU
		{CDC0443C-9510-47F5-8F5F-489A5D8720B7}.Debug|Any CPU.ActiveCfg = Debug|Any CPU
		{CDC0443C-9510-47F5-8F5F-489A5D8720B7}.Debug|Any CPU.Build.0 = Debug|Any CPU
		{CDC0443C-9510-47F5-8F5F-489A5D8720B7}.Release|Any CPU.ActiveCfg = Release|Any CPU
		{CDC0443C-9510-47F5-8F5F-489A5D8720B7}.Release|Any CPU.Build.0 = Release|Any CPU
		{9607CE25-DC0B-424C-8836-DFA076DC37A9}.Debug|Any CPU.ActiveCfg = Debug|Any CPU
		{9607CE25-DC0B-424C-8836-DFA076DC37A9}.Debug|Any CPU.Build.0 = Debug|Any CPU
		{9607CE25-DC0B-424C-8836-DFA076DC37A9}.Release|Any CPU.ActiveCfg = Release|Any CPU
		{9607CE25-DC0B-424C-8836-DFA076DC37A9}.Release|Any CPU.Build.0 = Release|Any CPU
	EndGlobalSection
	GlobalSection(SolutionProperties) = preSolution
		HideSolutionNode = FALSE
	EndGlobalSection
	GlobalSection(ExtensibilityGlobals) = postSolution
		SolutionGuid = {6CB02596-171D-42FA-A5E8-3F7295CEDD05}
	EndGlobalSection
EndGlobal
